{
  "name": "sample",
  "version": "1.0.0",
  "lockfileVersion": 2,
  "requires": true,
  "packages": {
    "": {
      "name": "sample",
      "version": "1.0.0",
      "license": "ISC",
      "dependencies": {
        "wasm-rsa": "^0.4.0"
      }
    },
    "node_modules/randombytes": {
      "version": "2.1.0",
      "resolved": "https://registry.npmjs.org/randombytes/-/randombytes-2.1.0.tgz",
      "integrity": "sha512-vYl3iOX+4CKUWuxGi9Ukhie6fsqXqS9FE2Zaic4tNFD2N2QQaXOMFbuKK4QmDHC0JO6B1Zp41J0LpT0oR68amQ==",
      "dependencies": {
        "safe-buffer": "^5.1.0"
      }
    },
    "node_modules/safe-buffer": {
      "version": "5.2.1",
      "resolved": "https://registry.npmjs.org/safe-buffer/-/safe-buffer-5.2.1.tgz",
      "integrity": "sha512-rp3So07KcdmmKbGvgaNxQSJr7bGVSVk5S9Eq1F+ppbRo70+YeaDxkw5Dd8NPN+GD6bjnYm2VuPuCXmpuYvmCXQ==",
      "funding": [
        {
          "type": "github",
          "url": "https://github.com/sponsors/feross"
        },
        {
          "type": "patreon",
          "url": "https://www.patreon.com/feross"
        },
        {
          "type": "consulting",
          "url": "https://feross.org/support"
        }
      ]
    },
    "node_modules/wasm-rsa": {
      "version": "0.4.0",
      "resolved": "https://registry.npmjs.org/wasm-rsa/-/wasm-rsa-0.4.0.tgz",
      "integrity": "sha512-pZy/o0Z6SbphtdQiJ2fRtPZse8yxwz3bSgQLjqv/CStaaV/qJoGz9ZI0xef2h++yQzpCpb8oJWcXwEk6RIbCXg==",
      "dependencies": {
        "randombytes": "^2.1.0"
      }
    }
  },
  "dependencies": {
    "randombytes": {
      "version": "2.1.0",
      "resolved": "https://registry.npmjs.org/randombytes/-/randombytes-2.1.0.tgz",
      "integrity": "sha512-vYl3iOX+4CKUWuxGi9Ukhie6fsqXqS9FE2Zaic4tNFD2N2QQaXOMFbuKK4QmDHC0JO6B1Zp41J0LpT0oR68amQ==",
      "requires": {
        "safe-buffer": "^5.1.0"
      }
    },
    "safe-buffer": {
      "version": "5.2.1",
      "resolved": "https://registry.npmjs.org/safe-buffer/-/safe-buffer-5.2.1.tgz",
      "integrity": "sha512-rp3So07KcdmmKbGvgaNxQSJr7bGVSVk5S9Eq1F+ppbRo70+YeaDxkw5Dd8NPN+GD6bjnYm2VuPuCXmpuYvmCXQ=="
    },
    "wasm-rsa": {
      "version": "0.4.0",
      "resolved": "https://registry.npmjs.org/wasm-rsa/-/wasm-rsa-0.4.0.tgz",
      "integrity": "sha512-pZy/o0Z6SbphtdQiJ2fRtPZse8yxwz3bSgQLjqv/CStaaV/qJoGz9ZI0xef2h++yQzpCpb8oJWcXwEk6RIbCXg==",
      "requires": {
        "randombytes": "^2.1.0"
      }
    }
  }
}
