{
  "name": "sample",
  "version": "1.0.0",
  "lockfileVersion": 2,
  "requires": true,
  "packages": {
    "": {
      "name": "sample",
      "version": "1.0.0",
      "license": "ISC",
      "dependencies": {
        "graphviz-wasm": "^2.0.2"
      }
    },
    "node_modules/decode-base64": {
      "version": "2.0.0",
      "resolved": "https://registry.npmjs.org/decode-base64/-/decode-base64-2.0.0.tgz",
      "integrity": "sha512-k+RFQe9UiOowWG1u3yRMkmxm9huTQtuIA6/E6zUyk+6TJgD6K5evmkYJMPd1kdp9PPozHNUUSbngcc2uOUnZ3A=="
    },
    "node_modules/graphviz-wasm": {
      "version": "2.0.2",
      "resolved": "https://registry.npmjs.org/graphviz-wasm/-/graphviz-wasm-2.0.2.tgz",
      "integrity": "sha512-z10QEX/iNPZ5vwU6YqRLBsb/yWbKgvx8MveiJmbuGmbpQHSOjHOH+o67tngWId+u9pIPgP+nP9zwAfadF9CAWw==",
      "dependencies": {
        "decode-base64": "^2.0.0",
        "once": "npm:@fabiospampinato/once@^1.0.0"
      }
    },
    "node_modules/once": {
      "name": "@fabiospampinato/once",
      "version": "1.0.0",
      "resolved": "https://registry.npmjs.org/@fabiospampinato/once/-/once-1.0.0.tgz",
      "integrity": "sha512-apUArzpyfYaF7hBwsgPLN9pAS2n+CshLSZ3QtWu492RaWCxxCAIZUeR1xY3oNRM4o4fAgOnW2QRLIQQntvO5xw=="
    }
  },
  "dependencies": {
    "decode-base64": {
      "version": "2.0.0",
      "resolved": "https://registry.npmjs.org/decode-base64/-/decode-base64-2.0.0.tgz",
      "integrity": "sha512-k+RFQe9UiOowWG1u3yRMkmxm9huTQtuIA6/E6zUyk+6TJgD6K5evmkYJMPd1kdp9PPozHNUUSbngcc2uOUnZ3A=="
    },
    "graphviz-wasm": {
      "version": "2.0.2",
      "resolved": "https://registry.npmjs.org/graphviz-wasm/-/graphviz-wasm-2.0.2.tgz",
      "integrity": "sha512-z10QEX/iNPZ5vwU6YqRLBsb/yWbKgvx8MveiJmbuGmbpQHSOjHOH+o67tngWId+u9pIPgP+nP9zwAfadF9CAWw==",
      "requires": {
        "decode-base64": "^2.0.0",
        "once": "npm:@fabiospampinato/once@^1.0.0"
      }
    },
    "once": {
      "version": "npm:@fabiospampinato/once@1.0.0",
      "resolved": "https://registry.npmjs.org/@fabiospampinato/once/-/once-1.0.0.tgz",
      "integrity": "sha512-apUArzpyfYaF7hBwsgPLN9pAS2n+CshLSZ3QtWu492RaWCxxCAIZUeR1xY3oNRM4o4fAgOnW2QRLIQQntvO5xw=="
    }
  }
}
